
Microsoft Visual Studio Solution File, Format Version 12.00
# Visual Studio 15
VisualStudioVersion = 15.0.27130.2024
MinimumVisualStudioVersion = 10.0.40219.1
Project("{FAE04EC0-301F-11D3-BF4B-00C04F79EFBC}") = "ServerSide_Project", "ServerSide_Project\ServerSide_Project.csproj", "{2F3D8D28-6005-4ECB-8614-C7631F0E797F}"
EndProject
Project("{FAE04EC0-301F-11D3-BF4B-00C04F79EFBC}") = "Repository", "Repository\Repository.csproj", "{88A303A1-BF81-4C57-BD93-CC77E42C5517}"
EndProject
Global
	GlobalSection(SolutionConfigurationPlatforms) = preSolution
		Debug|Any CPU = Debug|Any CPU
		Release|Any CPU = Release|Any CPU
	EndGlobalSection
	GlobalSection(ProjectConfigurationPlatforms) = postSolution
		{2F3D8D28-6005-4ECB-8614-C7631F0E797F}.Debug|Any CPU.ActiveCfg = Debug|Any CPU
		{2F3D8D28-6005-4ECB-8614-C7631F0E797F}.Debug|Any CPU.Build.0 = Debug|Any CPU
		{2F3D8D28-6005-4ECB-8614-C7631F0E797F}.Release|Any CPU.ActiveCfg = Release|Any CPU
		{2F3D8D28-6005-4ECB-8614-C7631F0E797F}.Release|Any CPU.Build.0 = Release|Any CPU
		{88A303A1-BF81-4C57-BD93-CC77E42C5517}.Debug|Any CPU.ActiveCfg = Debug|Any CPU
		{88A303A1-BF81-4C57-BD93-CC77E42C5517}.Debug|Any CPU.Build.0 = Debug|Any CPU
		{88A303A1-BF81-4C57-BD93-CC77E42C5517}.Release|Any CPU.ActiveCfg = Release|Any CPU
		{88A303A1-BF81-4C57-BD93-CC77E42C5517}.Release|Any CPU.Build.0 = Release|Any CPU
	EndGlobalSection
	GlobalSection(SolutionProperties) = preSolution
		HideSolutionNode = FALSE
	EndGlobalSection
	GlobalSection(ExtensibilityGlobals) = postSolution
		SolutionGuid = {3A01231A-A0F4-4DB9-9F4C-716421754A22}
	EndGlobalSection
EndGlobal
